
Microsoft Visual Studio Solution File, Format Version 12.00
# Visual Studio Express 14 for Windows Desktop
VisualStudioVersion = 14.0.23107.0
MinimumVisualStudioVersion = 10.0.40219.1
Project("{8BC9CEB8-8B4A-11D0-8D11-00A0C91BC942}") = "UThread", "UThread\UThread.vcxproj", "{2650CA3C-1DDE-4D98-96D6-927B382F409A}"
EndProject
Project("{8BC9CEB8-8B4A-11D0-8D11-00A0C91BC942}") = "USynch", "USynch\USynch.vcxproj", "{95B5813F-910D-4159-B3D8-2E8B83F6A1F1}"
EndProject
Project("{8BC9CEB8-8B4A-11D0-8D11-00A0C91BC942}") = "SimpleTest", "SimpleTest\SimpleTest.vcxproj", "{4111D8D1-7501-489A-AD21-68701773EBD9}"
EndProject
Project("{8BC9CEB8-8B4A-11D0-8D11-00A0C91BC942}") = "TestUtCreate", "TestUtCreate\TestUtCreate.vcxproj", "{3FB013BD-B223-4FCA-905A-A0E70AD669A5}"
EndProject
Project("{8BC9CEB8-8B4A-11D0-8D11-00A0C91BC942}") = "Test_threadstate", "Test_threadstate\Test_threadstate.vcxproj", "{770C4A09-580E-4B1B-8B6B-51E295064878}"
EndProject
Project("{8BC9CEB8-8B4A-11D0-8D11-00A0C91BC942}") = "UtAlive_Test", "UtAlive_Test\UtAlive_Test.vcxproj", "{B019CA9B-1953-49DE-999A-5E1DA0C03881}"
EndProject
Project("{8BC9CEB8-8B4A-11D0-8D11-00A0C91BC942}") = "UtJoin_TEST", "UtJoin_TEST\UtJoin_TEST.vcxproj", "{BEB4574B-9A04-4117-91D8-B4E313F394A6}"
EndProject
Global
	GlobalSection(SolutionConfigurationPlatforms) = preSolution
		Debug|Any CPU = Debug|Any CPU
		Debug|Win32 = Debug|Win32
		Debug|x64 = Debug|x64
		Release|Any CPU = Release|Any CPU
		Release|Win32 = Release|Win32
		Release|x64 = Release|x64
	EndGlobalSection
	GlobalSection(ProjectConfigurationPlatforms) = postSolution
		{2650CA3C-1DDE-4D98-96D6-927B382F409A}.Debug|Any CPU.ActiveCfg = Debug|Win32
		{2650CA3C-1DDE-4D98-96D6-927B382F409A}.Debug|Win32.ActiveCfg = Debug|Win32
		{2650CA3C-1DDE-4D98-96D6-927B382F409A}.Debug|Win32.Build.0 = Debug|Win32
		{2650CA3C-1DDE-4D98-96D6-927B382F409A}.Debug|x64.ActiveCfg = Debug|x64
		{2650CA3C-1DDE-4D98-96D6-927B382F409A}.Debug|x64.Build.0 = Debug|x64
		{2650CA3C-1DDE-4D98-96D6-927B382F409A}.Release|Any CPU.ActiveCfg = Release|Win32
		{2650CA3C-1DDE-4D98-96D6-927B382F409A}.Release|Win32.ActiveCfg = Release|Win32
		{2650CA3C-1DDE-4D98-96D6-927B382F409A}.Release|Win32.Build.0 = Release|Win32
		{2650CA3C-1DDE-4D98-96D6-927B382F409A}.Release|x64.ActiveCfg = Release|x64
		{2650CA3C-1DDE-4D98-96D6-927B382F409A}.Release|x64.Build.0 = Release|x64
		{95B5813F-910D-4159-B3D8-2E8B83F6A1F1}.Debug|Any CPU.ActiveCfg = Debug|Win32
		{95B5813F-910D-4159-B3D8-2E8B83F6A1F1}.Debug|Win32.ActiveCfg = Debug|Win32
		{95B5813F-910D-4159-B3D8-2E8B83F6A1F1}.Debug|Win32.Build.0 = Debug|Win32
		{95B5813F-910D-4159-B3D8-2E8B83F6A1F1}.Debug|x64.ActiveCfg = Debug|x64
		{95B5813F-910D-4159-B3D8-2E8B83F6A1F1}.Debug|x64.Build.0 = Debug|x64
		{95B5813F-910D-4159-B3D8-2E8B83F6A1F1}.Release|Any CPU.ActiveCfg = Release|Win32
		{95B5813F-910D-4159-B3D8-2E8B83F6A1F1}.Release|Win32.ActiveCfg = Release|Win32
		{95B5813F-910D-4159-B3D8-2E8B83F6A1F1}.Release|Win32.Build.0 = Release|Win32
		{95B5813F-910D-4159-B3D8-2E8B83F6A1F1}.Release|x64.ActiveCfg = Release|x64
		{95B5813F-910D-4159-B3D8-2E8B83F6A1F1}.Release|x64.Build.0 = Release|x64
		{4111D8D1-7501-489A-AD21-68701773EBD9}.Debug|Any CPU.ActiveCfg = Debug|Win32
		{4111D8D1-7501-489A-AD21-68701773EBD9}.Debug|Win32.ActiveCfg = Debug|Win32
		{4111D8D1-7501-489A-AD21-68701773EBD9}.Debug|Win32.Build.0 = Debug|Win32
		{4111D8D1-7501-489A-AD21-68701773EBD9}.Debug|x64.ActiveCfg = Debug|x64
		{4111D8D1-7501-489A-AD21-68701773EBD9}.Debug|x64.Build.0 = Debug|x64
		{4111D8D1-7501-489A-AD21-68701773EBD9}.Release|Any CPU.ActiveCfg = Release|Win32
		{4111D8D1-7501-489A-AD21-68701773EBD9}.Release|Win32.ActiveCfg = Release|Win32
		{4111D8D1-7501-489A-AD21-68701773EBD9}.Release|Win32.Build.0 = Release|Win32
		{4111D8D1-7501-489A-AD21-68701773EBD9}.Release|x64.ActiveCfg = Release|x64
		{4111D8D1-7501-489A-AD21-68701773EBD9}.Release|x64.Build.0 = Release|x64
		{3FB013BD-B223-4FCA-905A-A0E70AD669A5}.Debug|Any CPU.ActiveCfg = Debug|Win32
		{3FB013BD-B223-4FCA-905A-A0E70AD669A5}.Debug|Win32.ActiveCfg = Debug|Win32
		{3FB013BD-B223-4FCA-905A-A0E70AD669A5}.Debug|Win32.Build.0 = Debug|Win32
		{3FB013BD-B223-4FCA-905A-A0E70AD669A5}.Debug|x64.ActiveCfg = Debug|x64
		{3FB013BD-B223-4FCA-905A-A0E70AD669A5}.Debug|x64.Build.0 = Debug|x64
		{3FB013BD-B223-4FCA-905A-A0E70AD669A5}.Release|Any CPU.ActiveCfg = Release|Win32
		{3FB013BD-B223-4FCA-905A-A0E70AD669A5}.Release|Win32.ActiveCfg = Release|Win32
		{3FB013BD-B223-4FCA-905A-A0E70AD669A5}.Release|Win32.Build.0 = Release|Win32
		{3FB013BD-B223-4FCA-905A-A0E70AD669A5}.Release|x64.ActiveCfg = Release|x64
		{3FB013BD-B223-4FCA-905A-A0E70AD669A5}.Release|x64.Build.0 = Release|x64
		{770C4A09-580E-4B1B-8B6B-51E295064878}.Debug|Any CPU.ActiveCfg = Debug|Win32
		{770C4A09-580E-4B1B-8B6B-51E295064878}.Debug|Win32.ActiveCfg = Debug|Win32
		{770C4A09-580E-4B1B-8B6B-51E295064878}.Debug|Win32.Build.0 = Debug|Win32
		{770C4A09-580E-4B1B-8B6B-51E295064878}.Debug|x64.ActiveCfg = Debug|x64
		{770C4A09-580E-4B1B-8B6B-51E295064878}.Debug|x64.Build.0 = Debug|x64
		{770C4A09-580E-4B1B-8B6B-51E295064878}.Release|Any CPU.ActiveCfg = Release|Win32
		{770C4A09-580E-4B1B-8B6B-51E295064878}.Release|Win32.ActiveCfg = Release|Win32
		{770C4A09-580E-4B1B-8B6B-51E295064878}.Release|Win32.Build.0 = Release|Win32
		{770C4A09-580E-4B1B-8B6B-51E295064878}.Release|x64.ActiveCfg = Release|x64
		{770C4A09-580E-4B1B-8B6B-51E295064878}.Release|x64.Build.0 = Release|x64
		{B019CA9B-1953-49DE-999A-5E1DA0C03881}.Debug|Any CPU.ActiveCfg = Debug|Win32
		{B019CA9B-1953-49DE-999A-5E1DA0C03881}.Debug|Win32.ActiveCfg = Debug|Win32
		{B019CA9B-1953-49DE-999A-5E1DA0C03881}.Debug|Win32.Build.0 = Debug|Win32
		{B019CA9B-1953-49DE-999A-5E1DA0C03881}.Debug|x64.ActiveCfg = Debug|x64
		{B019CA9B-1953-49DE-999A-5E1DA0C03881}.Debug|x64.Build.0 = Debug|x64
		{B019CA9B-1953-49DE-999A-5E1DA0C03881}.Release|Any CPU.ActiveCfg = Release|Win32
		{B019CA9B-1953-49DE-999A-5E1DA0C03881}.Release|Win32.ActiveCfg = Release|Win32
		{B019CA9B-1953-49DE-999A-5E1DA0C03881}.Release|Win32.Build.0 = Release|Win32
		{B019CA9B-1953-49DE-999A-5E1DA0C03881}.Release|x64.ActiveCfg = Release|x64
		{B019CA9B-1953-49DE-999A-5E1DA0C03881}.Release|x64.Build.0 = Release|x64
		{BEB4574B-9A04-4117-91D8-B4E313F394A6}.Debug|Any CPU.ActiveCfg = Debug|Win32
		{BEB4574B-9A04-4117-91D8-B4E313F394A6}.Debug|Win32.ActiveCfg = Debug|Win32
		{BEB4574B-9A04-4117-91D8-B4E313F394A6}.Debug|Win32.Build.0 = Debug|Win32
		{BEB4574B-9A04-4117-91D8-B4E313F394A6}.Debug|x64.ActiveCfg = Debug|x64
		{BEB4574B-9A04-4117-91D8-B4E313F394A6}.Debug|x64.Build.0 = Debug|x64
		{BEB4574B-9A04-4117-91D8-B4E313F394A6}.Release|Any CPU.ActiveCfg = Release|Win32
		{BEB4574B-9A04-4117-91D8-B4E313F394A6}.Release|Win32.ActiveCfg = Release|Win32
		{BEB4574B-9A04-4117-91D8-B4E313F394A6}.Release|Win32.Build.0 = Release|Win32
		{BEB4574B-9A04-4117-91D8-B4E313F394A6}.Release|x64.ActiveCfg = Release|x64
		{BEB4574B-9A04-4117-91D8-B4E313F394A6}.Release|x64.Build.0 = Release|x64
	EndGlobalSection
	GlobalSection(SolutionProperties) = preSolution
		HideSolutionNode = FALSE
	EndGlobalSection
EndGlobal
