
Microsoft Visual Studio Solution File, Format Version 12.00
# Visual Studio 2013
VisualStudioVersion = 12.0.31101.0
MinimumVisualStudioVersion = 10.0.40219.1
Project("{8BC9CEB8-8B4A-11D0-8D11-00A0C91BC942}") = "Serie_2", "Serie_2\Serie_2.vcxproj", "{3BE432F1-ACC1-4454-9158-B4A98F4F1A16}"
EndProject
Project("{8BC9CEB8-8B4A-11D0-8D11-00A0C91BC942}") = "Parallel", "Parallel\Parallel.vcxproj", "{D6F22C24-BD91-4B81-9BF5-C1A1AEB4D7A9}"
EndProject
Project("{8BC9CEB8-8B4A-11D0-8D11-00A0C91BC942}") = "Switch", "Switch\Switch.vcxproj", "{97DECFC4-0059-460B-B27C-B37D992D3DBB}"
EndProject
Global
	GlobalSection(SolutionConfigurationPlatforms) = preSolution
		Debug|Win32 = Debug|Win32
		Release|Win32 = Release|Win32
	EndGlobalSection
	GlobalSection(ProjectConfigurationPlatforms) = postSolution
		{3BE432F1-ACC1-4454-9158-B4A98F4F1A16}.Debug|Win32.ActiveCfg = Debug|Win32
		{3BE432F1-ACC1-4454-9158-B4A98F4F1A16}.Debug|Win32.Build.0 = Debug|Win32
		{3BE432F1-ACC1-4454-9158-B4A98F4F1A16}.Release|Win32.ActiveCfg = Release|Win32
		{3BE432F1-ACC1-4454-9158-B4A98F4F1A16}.Release|Win32.Build.0 = Release|Win32
		{D6F22C24-BD91-4B81-9BF5-C1A1AEB4D7A9}.Debug|Win32.ActiveCfg = Debug|Win32
		{D6F22C24-BD91-4B81-9BF5-C1A1AEB4D7A9}.Debug|Win32.Build.0 = Debug|Win32
		{D6F22C24-BD91-4B81-9BF5-C1A1AEB4D7A9}.Release|Win32.ActiveCfg = Release|Win32
		{D6F22C24-BD91-4B81-9BF5-C1A1AEB4D7A9}.Release|Win32.Build.0 = Release|Win32
		{97DECFC4-0059-460B-B27C-B37D992D3DBB}.Debug|Win32.ActiveCfg = Debug|Win32
		{97DECFC4-0059-460B-B27C-B37D992D3DBB}.Debug|Win32.Build.0 = Debug|Win32
		{97DECFC4-0059-460B-B27C-B37D992D3DBB}.Release|Win32.ActiveCfg = Release|Win32
		{97DECFC4-0059-460B-B27C-B37D992D3DBB}.Release|Win32.Build.0 = Release|Win32
	EndGlobalSection
	GlobalSection(SolutionProperties) = preSolution
		HideSolutionNode = FALSE
	EndGlobalSection
EndGlobal
